{
  "version": "4",
  "specifiers": {
    "jsr:@cliffy/ansi@1.0.0-rc.7": "1.0.0-rc.7",
    "jsr:@cliffy/command@^1.0.0-rc.7": "1.0.0-rc.7",
    "jsr:@cliffy/flags@1.0.0-rc.7": "1.0.0-rc.7",
    "jsr:@cliffy/internal@1.0.0-rc.7": "1.0.0-rc.7",
    "jsr:@cliffy/keycode@1.0.0-rc.7": "1.0.0-rc.7",
    "jsr:@cliffy/prompt@^1.0.0-rc.7": "1.0.0-rc.7",
    "jsr:@cliffy/table@1.0.0-rc.7": "1.0.0-rc.7",
    "jsr:@std/assert@*": "1.0.11",
    "jsr:@std/assert@1.0.12": "1.0.12",
    "jsr:@std/assert@1.0.13": "1.0.13",
    "jsr:@std/assert@^1.0.12": "1.0.13",
    "jsr:@std/assert@~1.0.6": "1.0.13",
    "jsr:@std/async@^1.0.12": "1.0.12",
    "jsr:@std/collections@^1.0.11": "1.0.11",
    "jsr:@std/data-structures@^1.0.6": "1.0.6",
    "jsr:@std/encoding@^1.0.10": "1.0.10",
    "jsr:@std/encoding@^1.0.9": "1.0.9",
    "jsr:@std/encoding@~1.0.5": "1.0.10",
    "jsr:@std/fmt@1": "1.0.7",
    "jsr:@std/fmt@^1.0.6": "1.0.6",
    "jsr:@std/fmt@^1.0.7": "1.0.7",
    "jsr:@std/fmt@~1.0.2": "1.0.7",
    "jsr:@std/fs@1": "1.0.17",
    "jsr:@std/fs@^1.0.16": "1.0.17",
    "jsr:@std/fs@^1.0.17": "1.0.17",
    "jsr:@std/internal@^1.0.5": "1.0.5",
    "jsr:@std/internal@^1.0.6": "1.0.6",
    "jsr:@std/io@~0.224.9": "0.224.9",
    "jsr:@std/path@1": "1.0.9",
    "jsr:@std/path@^1.0.8": "1.0.9",
    "jsr:@std/path@^1.0.9": "1.0.9",
    "jsr:@std/path@~1.0.6": "1.0.9",
    "jsr:@std/semver@^1.0.5": "1.0.5",
    "jsr:@std/testing@^1.0.11": "1.0.11",
    "jsr:@std/text@~1.0.7": "1.0.11",
    "jsr:@std/yaml@^1.0.5": "1.0.12",
    "npm:lefthook@*": "1.11.12",
    "npm:lefthook@^1.11.12": "1.11.12",
    "npm:tweetnacl-util@~0.15.1": "0.15.1",
    "npm:tweetnacl@^1.0.3": "1.0.3"
  },
  "jsr": {
    "@cliffy/ansi@1.0.0-rc.7": {
      "integrity": "f71c921cce224c13d322e5cedba4f38e8f7354c7d855c9cb22729362a53f25aa",
      "dependencies": [
        "jsr:@cliffy/internal",
        "jsr:@std/encoding@~1.0.5",
        "jsr:@std/io"
      ]
    },
    "@cliffy/command@1.0.0-rc.7": {
      "integrity": "1288808d7a3cd18b86c24c2f920e47a6d954b7e23cadc35c8cbd78f8be41f0cd",
      "dependencies": [
        "jsr:@cliffy/flags",
        "jsr:@cliffy/internal",
        "jsr:@cliffy/table",
        "jsr:@std/fmt@~1.0.2",
        "jsr:@std/text"
      ]
    },
    "@cliffy/flags@1.0.0-rc.7": {
      "integrity": "318d9be98f6a6417b108e03dec427dea96cdd41a15beb21d2554ae6da450a781",
      "dependencies": [
        "jsr:@std/text"
      ]
    },
    "@cliffy/internal@1.0.0-rc.7": {
      "integrity": "10412636ab3e67517d448be9eaab1b70c88eba9be22617b5d146257a11cc9b17"
    },
    "@cliffy/keycode@1.0.0-rc.7": {
      "integrity": "5b3f6c33994e81a76b79f108b1989642ac22705840da33781f7972d7dff05503"
    },
    "@cliffy/prompt@1.0.0-rc.7": {
      "integrity": "a9cbd13acd8073558447cae8ca4cf593c09d23bcbe429cc63346920c21187b83",
      "dependencies": [
        "jsr:@cliffy/ansi",
        "jsr:@cliffy/internal",
        "jsr:@cliffy/keycode",
        "jsr:@std/assert@~1.0.6",
        "jsr:@std/fmt@~1.0.2",
        "jsr:@std/io",
        "jsr:@std/path@~1.0.6",
        "jsr:@std/text"
      ]
    },
    "@cliffy/table@1.0.0-rc.7": {
      "integrity": "9fdd9776eda28a0b397981c400eeb1aa36da2371b43eefe12e6ff555290e3180",
      "dependencies": [
        "jsr:@std/fmt@~1.0.2"
      ]
    },
    "@std/assert@1.0.11": {
      "integrity": "2461ef3c368fe88bc60e186e7744a93112f16fd110022e113a0849e94d1c83c1",
      "dependencies": [
        "jsr:@std/internal@^1.0.5"
      ]
    },
    "@std/assert@1.0.12": {
      "integrity": "08009f0926dda9cbd8bef3a35d3b6a4b964b0ab5c3e140a4e0351fbf34af5b9a",
      "dependencies": [
        "jsr:@std/internal@^1.0.6"
      ]
    },
    "@std/assert@1.0.13": {
      "integrity": "ae0d31e41919b12c656c742b22522c32fb26ed0cba32975cb0de2a273cb68b29",
      "dependencies": [
        "jsr:@std/internal@^1.0.6"
      ]
    },
    "@std/async@1.0.12": {
      "integrity": "d1bfcec459e8012846fe4e38dfc4241ab23240ecda3d8d6dfcf6d81a632e803d"
    },
    "@std/collections@1.0.11": {
      "integrity": "2f62cf9587484b1fff364f6c3e1f83478eea53dbb6faed6ffeda92ddb6b172f0"
    },
    "@std/data-structures@1.0.6": {
      "integrity": "76a7fd8080c66604c0496220a791860492ab21a04a63a969c0b9a0609bbbb760"
    },
    "@std/encoding@1.0.7": {
      "integrity": "f631247c1698fef289f2de9e2a33d571e46133b38d042905e3eac3715030a82d"
    },
    "@std/encoding@1.0.9": {
      "integrity": "025b8f18eb1749bc30d1353bf48b77d1eb5e35610220fa226f5a046b9240c5d7"
    },
    "@std/encoding@1.0.10": {
      "integrity": "8783c6384a2d13abd5e9e87a7ae0520a30e9f56aeeaa3bdf910a3eaaf5c811a1"
    },
    "@std/fmt@1.0.6": {
      "integrity": "a2c56a69a2369876ddb3ad6a500bb6501b5bad47bb3ea16bfb0c18974d2661fc"
    },
    "@std/fmt@1.0.7": {
      "integrity": "2a727c043d8df62cd0b819b3fb709b64dd622e42c3b1bb817ea7e6cc606360fb"
    },
    "@std/fs@1.0.14": {
      "integrity": "1e84bf0b95fe08f41f1f4aea9717bbf29f45408a56ce073b0114474ce1c9fccf",
      "dependencies": [
        "jsr:@std/path@^1.0.8"
      ]
    },
    "@std/fs@1.0.16": {
      "integrity": "81878f62b6eeda0bf546197fc3daa5327c132fee1273f6113f940784a468b036",
      "dependencies": [
        "jsr:@std/path@^1.0.8"
      ]
    },
    "@std/fs@1.0.17": {
      "integrity": "1c00c632677c1158988ef7a004cb16137f870aafdb8163b9dce86ec652f3952b",
      "dependencies": [
        "jsr:@std/path@^1.0.9"
      ]
    },
    "@std/internal@1.0.5": {
      "integrity": "54a546004f769c1ac9e025abd15a76b6671ddc9687e2313b67376125650dc7ba"
    },
    "@std/internal@1.0.6": {
      "integrity": "9533b128f230f73bd209408bb07a4b12f8d4255ab2a4d22a1fd6d87304aca9a4"
    },
    "@std/io@0.224.9": {
      "integrity": "4414664b6926f665102e73c969cfda06d2c4c59bd5d0c603fd4f1b1c840d6ee3"
    },
    "@std/path@1.0.8": {
      "integrity": "548fa456bb6a04d3c1a1e7477986b6cffbce95102d0bb447c67c4ee70e0364be"
    },
    "@std/path@1.0.9": {
      "integrity": "260a49f11edd3db93dd38350bf9cd1b4d1366afa98e81b86167b4e3dd750129e"
    },
    "@std/semver@1.0.5": {
      "integrity": "529f79e83705714c105ad0ba55bec0f9da0f24d2f726b6cc1c15e505cc2c0624"
    },
    "@std/testing@1.0.11": {
      "integrity": "12b3db12d34f0f385a26248933bde766c0f8c5ad8b6ab34d4d38f528ab852f48",
      "dependencies": [
        "jsr:@std/assert@^1.0.12",
        "jsr:@std/async",
        "jsr:@std/data-structures",
        "jsr:@std/fs@^1.0.16",
        "jsr:@std/internal@^1.0.6",
        "jsr:@std/path@^1.0.8"
      ]
    },
    "@std/text@1.0.11": {
      "integrity": "f191fa22590cac8b1cdba6cc4ab97940e720f7cc67b3084e54405b428bf5843d"
    },
    "@std/yaml@1.0.12": {
      "integrity": "7deabca4545bcedd07c5f69ea53acea71b8b4c67562f224e17b90d75944cb20c"
    }
  },
  "npm": {
    "lefthook-darwin-arm64@1.11.12": {
      "integrity": "sha512-nB3rZVGoign6lhlbdfT1/knk4fV4Kx7kgbho8oSFcpw/o2qRQpLqmclCWUTtf+Pyj4vCzE7hiee/m+uQtvu19w=="
    },
    "lefthook-darwin-x64@1.11.12": {
      "integrity": "sha512-ExNz8ctFRRaVz2wpvjmOtV4GeZcRdsAZwnZbmvlu1fMcJ6WtjAuR6fB0ybtcsc03/zBNrfShiq+VtZLkGv8Oeg=="
    },
    "lefthook-freebsd-arm64@1.11.12": {
      "integrity": "sha512-3Si6YJ8YLEMJ6TGsaBI2ni64XSrJX69N4gX7OKQp85IXeizPUEy7oorYAJCUaw5nMffRbIkzxNTjaMkcn4iwag=="
    },
    "lefthook-freebsd-x64@1.11.12": {
      "integrity": "sha512-J18MNYZKkVdHJ5K54MT8kxJ/W4TBUxD8aCi4e+Oliw8UXAiwaJSTGPkdY5P8aUlVYDknN2w+6I99Dxre6CJRFw=="
    },
    "lefthook-linux-arm64@1.11.12": {
      "integrity": "sha512-oIWcj7mcHnFB4tcfz4dsZTnDTXIyF7cjCEqhDQTvqJQLbE1XRfjU0RzQdgSKrzdmXIcUFB+lmcgeRwJnKBEJ8Q=="
    },
    "lefthook-linux-x64@1.11.12": {
      "integrity": "sha512-sr9X5dW5dl9Fa3Kdk3x66DPGgCz/rykm+JHIyQGfnuvZnaeqkEaXgNubBaVGBbOimagXgtA5DwXc6D6fzUYALA=="
    },
    "lefthook-openbsd-arm64@1.11.12": {
      "integrity": "sha512-4TuX8c/lwky1DSNIY6knIFlMIHQZrVBxh6O5vSTjOAjKv5YmIkNgeUlwcBD+SMru9tQBj7MvOpJSkVkaLK5hhQ=="
    },
    "lefthook-openbsd-x64@1.11.12": {
      "integrity": "sha512-Y/rPvyXtsIH+pxACfLHwxqc2Ahk+aExj8Izce3zXp75Wki5DH+6TXm5tWj5CgIuefL7CMqNFsOZCjEe1+SyM+w=="
    },
    "lefthook-windows-arm64@1.11.12": {
      "integrity": "sha512-OJaElGktzsMrkmIpXBqwlc+eZx5kwxx+tJFByTXiW/rb8ttBwj0ueVyfo3lw/PqqlbMy73qc9Uj3CHYkaKsDKw=="
    },
    "lefthook-windows-x64@1.11.12": {
      "integrity": "sha512-ZhKsisibIcaG+rv9i7UJUgnuejI6mfaS5T3FreqsWt5vAsEIvLLNmZUA15MHPr99n+L4La1YQ2jTqie1kH57dA=="
    },
    "lefthook@1.11.12": {
      "integrity": "sha512-refh8mlcNtwJfmHDH+2mN1KTIVjp1EHlrjzOjfH/hJ4vFQByH2+1KfFDlJLX9V16VESwUNyOGkEZ9cJEF6zNgg==",
      "dependencies": [
        "lefthook-darwin-arm64",
        "lefthook-darwin-x64",
        "lefthook-freebsd-arm64",
        "lefthook-freebsd-x64",
        "lefthook-linux-arm64",
        "lefthook-linux-x64",
        "lefthook-openbsd-arm64",
        "lefthook-openbsd-x64",
        "lefthook-windows-arm64",
        "lefthook-windows-x64"
      ]
    },
    "tweetnacl-util@0.15.1": {
      "integrity": "sha512-RKJBIj8lySrShN4w6i/BonWp2Z/uxwC3h4y7xsRrpP59ZboCd0GpEVsOnMDYLMmKBpYhb5TgHzZXy7wTfYFBRw=="
    },
    "tweetnacl@1.0.3": {
      "integrity": "sha512-6rt+RN7aOi1nGMyC4Xa5DdYiukl2UWCbcJft7YhxReBGQD7OAM8Pbxw6YMo4r2diNEA8FEmu32YOn9rhaiE5yw=="
    }
  },
  "workspace": {
    "dependencies": [
      "jsr:@cliffy/command@^1.0.0-rc.7",
      "jsr:@cliffy/prompt@^1.0.0-rc.7",
      "jsr:@std/assert@1.0.13",
      "jsr:@std/async@^1.0.12",
      "jsr:@std/collections@^1.0.11",
      "jsr:@std/encoding@^1.0.10",
      "jsr:@std/fmt@^1.0.7",
      "jsr:@std/fs@^1.0.17",
      "jsr:@std/path@^1.0.9",
      "jsr:@std/semver@^1.0.5",
      "jsr:@std/testing@^1.0.11",
      "jsr:@std/yaml@^1.0.5",
      "npm:lefthook@^1.11.12",
      "npm:tweetnacl-util@~0.15.1",
      "npm:tweetnacl@^1.0.3"
    ]
  }
}
